
Microsoft Visual Studio Solution File, Format Version 12.00
# Visual Studio 15
VisualStudioVersion = 15.0.27703.2000
MinimumVisualStudioVersion = 10.0.40219.1
Project("{9A19103F-16F7-4668-BE54-9A1E7A4F7556}") = "SistemaAct_Complementarias", "SistemaAct_Complementarias\SistemaAct_Complementarias.csproj", "{450A9605-D7B0-4401-877E-B15D120784DA}"
EndProject
Global
	GlobalSection(SolutionConfigurationPlatforms) = preSolution
		Debug|Any CPU = Debug|Any CPU
		Release|Any CPU = Release|Any CPU
	EndGlobalSection
	GlobalSection(ProjectConfigurationPlatforms) = postSolution
		{450A9605-D7B0-4401-877E-B15D120784DA}.Debug|Any CPU.ActiveCfg = Debug|Any CPU
		{450A9605-D7B0-4401-877E-B15D120784DA}.Debug|Any CPU.Build.0 = Debug|Any CPU
		{450A9605-D7B0-4401-877E-B15D120784DA}.Release|Any CPU.ActiveCfg = Release|Any CPU
		{450A9605-D7B0-4401-877E-B15D120784DA}.Release|Any CPU.Build.0 = Release|Any CPU
	EndGlobalSection
	GlobalSection(SolutionProperties) = preSolution
		HideSolutionNode = FALSE
	EndGlobalSection
	GlobalSection(ExtensibilityGlobals) = postSolution
		SolutionGuid = {F2BC8DC6-D1F4-43BC-A2F9-DE28F2B978EF}
	EndGlobalSection
EndGlobal
